
Microsoft Visual Studio Solution File, Format Version 12.00
Project("{FAE04EC0-301F-11D3-BF4B-00C04F79EFBC}") = "AutoGestPro", "AutoGestPro\AutoGestPro.csproj", "{0CAEC501-7A18-47BF-9E53-99BB5FFEC40E}"
EndProject
Global
	GlobalSection(SolutionConfigurationPlatforms) = preSolution
		Debug|Any CPU = Debug|Any CPU
		Release|Any CPU = Release|Any CPU
	EndGlobalSection
	GlobalSection(ProjectConfigurationPlatforms) = postSolution
		{0CAEC501-7A18-47BF-9E53-99BB5FFEC40E}.Debug|Any CPU.ActiveCfg = Debug|Any CPU
		{0CAEC501-7A18-47BF-9E53-99BB5FFEC40E}.Debug|Any CPU.Build.0 = Debug|Any CPU
		{0CAEC501-7A18-47BF-9E53-99BB5FFEC40E}.Release|Any CPU.ActiveCfg = Release|Any CPU
		{0CAEC501-7A18-47BF-9E53-99BB5FFEC40E}.Release|Any CPU.Build.0 = Release|Any CPU
	EndGlobalSection
EndGlobal
